
Microsoft Visual Studio Solution File, Format Version 12.00
# Visual Studio Version 17
VisualStudioVersion = 17.0.31903.59
MinimumVisualStudioVersion = 10.0.40219.1
Project("{2150E333-8FDC-42A3-9474-1A3956D46DE8}") = "src", "src", "{827E0CD3-B72D-47B6-A68D-7590B98EB39B}"
EndProject
Project("{FAE04EC0-301F-11D3-BF4B-00C04F79EFBC}") = "Chaika.Domain", "src\Chaika.Domain\Chaika.Domain.csproj", "{F8A401F4-3392-4966-867D-AA4F0A3E2E5B}"
EndProject
Project("{FAE04EC0-301F-11D3-BF4B-00C04F79EFBC}") = "Chaika.Application", "src\Chaika.Application\Chaika.Application.csproj", "{E719626D-69BE-4949-A851-7CA5375CDAEA}"
EndProject
Project("{FAE04EC0-301F-11D3-BF4B-00C04F79EFBC}") = "Chaika.Infrastructure", "src\Chaika.Infrastructure\Chaika.Infrastructure.csproj", "{420FA4E7-AB8F-4395-987D-637452992AF8}"
EndProject
Project("{FAE04EC0-301F-11D3-BF4B-00C04F79EFBC}") = "Chaika.Api", "src\Chaika.Api\Chaika.Api.csproj", "{0E252566-0381-47E3-9BF3-9E60B8428368}"
EndProject
Project("{FAE04EC0-301F-11D3-BF4B-00C04F79EFBC}") = "Chaika.Contracts", "shared\Chaika.Contracts\Chaika.Contracts.csproj", "{55DE4326-0E9A-415D-9499-E425EA132FC6}"
EndProject
Project("{FAE04EC0-301F-11D3-BF4B-00C04F79EFBC}") = "Chaika.Client", "shared\Chaika.Client\Chaika.Client.csproj", "{C82CF41A-10E1-4ACA-B2A6-D0E53E510EDF}"
EndProject
Project("{FAE04EC0-301F-11D3-BF4B-00C04F79EFBC}") = "Chaika.Tests", "tests\Chaika.Tests\Chaika.Tests.csproj", "{ADB16ECE-F001-4C7E-A9EA-400DC42D9A51}"
EndProject
Project("{2150E333-8FDC-42A3-9474-1A3956D46DE8}") = "shared", "shared", "{E24DB0C8-ED19-4780-9324-3B2B6B7F4A40}"
EndProject
Global
	GlobalSection(SolutionConfigurationPlatforms) = preSolution
		Debug|Any CPU = Debug|Any CPU
		Debug|x64 = Debug|x64
		Debug|x86 = Debug|x86
		Release|Any CPU = Release|Any CPU
		Release|x64 = Release|x64
		Release|x86 = Release|x86
	EndGlobalSection
	GlobalSection(ProjectConfigurationPlatforms) = postSolution
		{F8A401F4-3392-4966-867D-AA4F0A3E2E5B}.Debug|Any CPU.ActiveCfg = Debug|Any CPU
		{F8A401F4-3392-4966-867D-AA4F0A3E2E5B}.Debug|Any CPU.Build.0 = Debug|Any CPU
		{F8A401F4-3392-4966-867D-AA4F0A3E2E5B}.Debug|x64.ActiveCfg = Debug|Any CPU
		{F8A401F4-3392-4966-867D-AA4F0A3E2E5B}.Debug|x64.Build.0 = Debug|Any CPU
		{F8A401F4-3392-4966-867D-AA4F0A3E2E5B}.Debug|x86.ActiveCfg = Debug|Any CPU
		{F8A401F4-3392-4966-867D-AA4F0A3E2E5B}.Debug|x86.Build.0 = Debug|Any CPU
		{F8A401F4-3392-4966-867D-AA4F0A3E2E5B}.Release|Any CPU.ActiveCfg = Release|Any CPU
		{F8A401F4-3392-4966-867D-AA4F0A3E2E5B}.Release|Any CPU.Build.0 = Release|Any CPU
		{F8A401F4-3392-4966-867D-AA4F0A3E2E5B}.Release|x64.ActiveCfg = Release|Any CPU
		{F8A401F4-3392-4966-867D-AA4F0A3E2E5B}.Release|x64.Build.0 = Release|Any CPU
		{F8A401F4-3392-4966-867D-AA4F0A3E2E5B}.Release|x86.ActiveCfg = Release|Any CPU
		{F8A401F4-3392-4966-867D-AA4F0A3E2E5B}.Release|x86.Build.0 = Release|Any CPU
		{E719626D-69BE-4949-A851-7CA5375CDAEA}.Debug|Any CPU.ActiveCfg = Debug|Any CPU
		{E719626D-69BE-4949-A851-7CA5375CDAEA}.Debug|Any CPU.Build.0 = Debug|Any CPU
		{E719626D-69BE-4949-A851-7CA5375CDAEA}.Debug|x64.ActiveCfg = Debug|Any CPU
		{E719626D-69BE-4949-A851-7CA5375CDAEA}.Debug|x64.Build.0 = Debug|Any CPU
		{E719626D-69BE-4949-A851-7CA5375CDAEA}.Debug|x86.ActiveCfg = Debug|Any CPU
		{E719626D-69BE-4949-A851-7CA5375CDAEA}.Debug|x86.Build.0 = Debug|Any CPU
		{E719626D-69BE-4949-A851-7CA5375CDAEA}.Release|Any CPU.ActiveCfg = Release|Any CPU
		{E719626D-69BE-4949-A851-7CA5375CDAEA}.Release|Any CPU.Build.0 = Release|Any CPU
		{E719626D-69BE-4949-A851-7CA5375CDAEA}.Release|x64.ActiveCfg = Release|Any CPU
		{E719626D-69BE-4949-A851-7CA5375CDAEA}.Release|x64.Build.0 = Release|Any CPU
		{E719626D-69BE-4949-A851-7CA5375CDAEA}.Release|x86.ActiveCfg = Release|Any CPU
		{E719626D-69BE-4949-A851-7CA5375CDAEA}.Release|x86.Build.0 = Release|Any CPU
		{420FA4E7-AB8F-4395-987D-637452992AF8}.Debug|Any CPU.ActiveCfg = Debug|Any CPU
		{420FA4E7-AB8F-4395-987D-637452992AF8}.Debug|Any CPU.Build.0 = Debug|Any CPU
		{420FA4E7-AB8F-4395-987D-637452992AF8}.Debug|x64.ActiveCfg = Debug|Any CPU
		{420FA4E7-AB8F-4395-987D-637452992AF8}.Debug|x64.Build.0 = Debug|Any CPU
		{420FA4E7-AB8F-4395-987D-637452992AF8}.Debug|x86.ActiveCfg = Debug|Any CPU
		{420FA4E7-AB8F-4395-987D-637452992AF8}.Debug|x86.Build.0 = Debug|Any CPU
		{420FA4E7-AB8F-4395-987D-637452992AF8}.Release|Any CPU.ActiveCfg = Release|Any CPU
		{420FA4E7-AB8F-4395-987D-637452992AF8}.Release|Any CPU.Build.0 = Release|Any CPU
		{420FA4E7-AB8F-4395-987D-637452992AF8}.Release|x64.ActiveCfg = Release|Any CPU
		{420FA4E7-AB8F-4395-987D-637452992AF8}.Release|x64.Build.0 = Release|Any CPU
		{420FA4E7-AB8F-4395-987D-637452992AF8}.Release|x86.ActiveCfg = Release|Any CPU
		{420FA4E7-AB8F-4395-987D-637452992AF8}.Release|x86.Build.0 = Release|Any CPU
		{0E252566-0381-47E3-9BF3-9E60B8428368}.Debug|Any CPU.ActiveCfg = Debug|Any CPU
		{0E252566-0381-47E3-9BF3-9E60B8428368}.Debug|Any CPU.Build.0 = Debug|Any CPU
		{0E252566-0381-47E3-9BF3-9E60B8428368}.Debug|x64.ActiveCfg = Debug|Any CPU
		{0E252566-0381-47E3-9BF3-9E60B8428368}.Debug|x64.Build.0 = Debug|Any CPU
		{0E252566-0381-47E3-9BF3-9E60B8428368}.Debug|x86.ActiveCfg = Debug|Any CPU
		{0E252566-0381-47E3-9BF3-9E60B8428368}.Debug|x86.Build.0 = Debug|Any CPU
		{0E252566-0381-47E3-9BF3-9E60B8428368}.Release|Any CPU.ActiveCfg = Release|Any CPU
		{0E252566-0381-47E3-9BF3-9E60B8428368}.Release|Any CPU.Build.0 = Release|Any CPU
		{0E252566-0381-47E3-9BF3-9E60B8428368}.Release|x64.ActiveCfg = Release|Any CPU
		{0E252566-0381-47E3-9BF3-9E60B8428368}.Release|x64.Build.0 = Release|Any CPU
		{0E252566-0381-47E3-9BF3-9E60B8428368}.Release|x86.ActiveCfg = Release|Any CPU
		{0E252566-0381-47E3-9BF3-9E60B8428368}.Release|x86.Build.0 = Release|Any CPU
		{55DE4326-0E9A-415D-9499-E425EA132FC6}.Debug|Any CPU.ActiveCfg = Debug|Any CPU
		{55DE4326-0E9A-415D-9499-E425EA132FC6}.Debug|Any CPU.Build.0 = Debug|Any CPU
		{55DE4326-0E9A-415D-9499-E425EA132FC6}.Debug|x64.ActiveCfg = Debug|Any CPU
		{55DE4326-0E9A-415D-9499-E425EA132FC6}.Debug|x64.Build.0 = Debug|Any CPU
		{55DE4326-0E9A-415D-9499-E425EA132FC6}.Debug|x86.ActiveCfg = Debug|Any CPU
		{55DE4326-0E9A-415D-9499-E425EA132FC6}.Debug|x86.Build.0 = Debug|Any CPU
		{55DE4326-0E9A-415D-9499-E425EA132FC6}.Release|Any CPU.ActiveCfg = Release|Any CPU
		{55DE4326-0E9A-415D-9499-E425EA132FC6}.Release|Any CPU.Build.0 = Release|Any CPU
		{55DE4326-0E9A-415D-9499-E425EA132FC6}.Release|x64.ActiveCfg = Release|Any CPU
		{55DE4326-0E9A-415D-9499-E425EA132FC6}.Release|x64.Build.0 = Release|Any CPU
		{55DE4326-0E9A-415D-9499-E425EA132FC6}.Release|x86.ActiveCfg = Release|Any CPU
		{55DE4326-0E9A-415D-9499-E425EA132FC6}.Release|x86.Build.0 = Release|Any CPU
		{C82CF41A-10E1-4ACA-B2A6-D0E53E510EDF}.Debug|Any CPU.ActiveCfg = Debug|Any CPU
		{C82CF41A-10E1-4ACA-B2A6-D0E53E510EDF}.Debug|Any CPU.Build.0 = Debug|Any CPU
		{C82CF41A-10E1-4ACA-B2A6-D0E53E510EDF}.Debug|x64.ActiveCfg = Debug|Any CPU
		{C82CF41A-10E1-4ACA-B2A6-D0E53E510EDF}.Debug|x64.Build.0 = Debug|Any CPU
		{C82CF41A-10E1-4ACA-B2A6-D0E53E510EDF}.Debug|x86.ActiveCfg = Debug|Any CPU
		{C82CF41A-10E1-4ACA-B2A6-D0E53E510EDF}.Debug|x86.Build.0 = Debug|Any CPU
		{C82CF41A-10E1-4ACA-B2A6-D0E53E510EDF}.Release|Any CPU.ActiveCfg = Release|Any CPU
		{C82CF41A-10E1-4ACA-B2A6-D0E53E510EDF}.Release|Any CPU.Build.0 = Release|Any CPU
		{C82CF41A-10E1-4ACA-B2A6-D0E53E510EDF}.Release|x64.ActiveCfg = Release|Any CPU
		{C82CF41A-10E1-4ACA-B2A6-D0E53E510EDF}.Release|x64.Build.0 = Release|Any CPU
		{C82CF41A-10E1-4ACA-B2A6-D0E53E510EDF}.Release|x86.ActiveCfg = Release|Any CPU
		{C82CF41A-10E1-4ACA-B2A6-D0E53E510EDF}.Release|x86.Build.0 = Release|Any CPU
		{ADB16ECE-F001-4C7E-A9EA-400DC42D9A51}.Debug|Any CPU.ActiveCfg = Debug|Any CPU
		{ADB16ECE-F001-4C7E-A9EA-400DC42D9A51}.Debug|Any CPU.Build.0 = Debug|Any CPU
		{ADB16ECE-F001-4C7E-A9EA-400DC42D9A51}.Debug|x64.ActiveCfg = Debug|Any CPU
		{ADB16ECE-F001-4C7E-A9EA-400DC42D9A51}.Debug|x64.Build.0 = Debug|Any CPU
		{ADB16ECE-F001-4C7E-A9EA-400DC42D9A51}.Debug|x86.ActiveCfg = Debug|Any CPU
		{ADB16ECE-F001-4C7E-A9EA-400DC42D9A51}.Debug|x86.Build.0 = Debug|Any CPU
		{ADB16ECE-F001-4C7E-A9EA-400DC42D9A51}.Release|Any CPU.ActiveCfg = Release|Any CPU
		{ADB16ECE-F001-4C7E-A9EA-400DC42D9A51}.Release|Any CPU.Build.0 = Release|Any CPU
		{ADB16ECE-F001-4C7E-A9EA-400DC42D9A51}.Release|x64.ActiveCfg = Release|Any CPU
		{ADB16ECE-F001-4C7E-A9EA-400DC42D9A51}.Release|x64.Build.0 = Release|Any CPU
		{ADB16ECE-F001-4C7E-A9EA-400DC42D9A51}.Release|x86.ActiveCfg = Release|Any CPU
		{ADB16ECE-F001-4C7E-A9EA-400DC42D9A51}.Release|x86.Build.0 = Release|Any CPU
	EndGlobalSection
	GlobalSection(SolutionProperties) = preSolution
		HideSolutionNode = FALSE
	EndGlobalSection
	GlobalSection(NestedProjects) = preSolution
		{F8A401F4-3392-4966-867D-AA4F0A3E2E5B} = {827E0CD3-B72D-47B6-A68D-7590B98EB39B}
		{E719626D-69BE-4949-A851-7CA5375CDAEA} = {827E0CD3-B72D-47B6-A68D-7590B98EB39B}
		{420FA4E7-AB8F-4395-987D-637452992AF8} = {827E0CD3-B72D-47B6-A68D-7590B98EB39B}
		{0E252566-0381-47E3-9BF3-9E60B8428368} = {827E0CD3-B72D-47B6-A68D-7590B98EB39B}
		{ADB16ECE-F001-4C7E-A9EA-400DC42D9A51} = {827E0CD3-B72D-47B6-A68D-7590B98EB39B}
		{E24DB0C8-ED19-4780-9324-3B2B6B7F4A40} = {827E0CD3-B72D-47B6-A68D-7590B98EB39B}
		{C82CF41A-10E1-4ACA-B2A6-D0E53E510EDF} = {E24DB0C8-ED19-4780-9324-3B2B6B7F4A40}
		{55DE4326-0E9A-415D-9499-E425EA132FC6} = {E24DB0C8-ED19-4780-9324-3B2B6B7F4A40}
	EndGlobalSection
EndGlobal
